
Microsoft Visual Studio Solution File, Format Version 12.00
# Visual Studio Version 17
VisualStudioVersion = 17.3.32929.385
MinimumVisualStudioVersion = 10.0.40219.1
Project("{FAE04EC0-301F-11D3-BF4B-00C04F79EFBC}") = "cadis_andreea_lab1", "cadis_andreea_lab1\cadis_andreea_lab1.csproj", "{D85E39CF-CED1-4762-A4A3-24147025B725}"
EndProject
Global
	GlobalSection(SolutionConfigurationPlatforms) = preSolution
		Debug|Any CPU = Debug|Any CPU
		Release|Any CPU = Release|Any CPU
	EndGlobalSection
	GlobalSection(ProjectConfigurationPlatforms) = postSolution
		{D85E39CF-CED1-4762-A4A3-24147025B725}.Debug|Any CPU.ActiveCfg = Debug|Any CPU
		{D85E39CF-CED1-4762-A4A3-24147025B725}.Debug|Any CPU.Build.0 = Debug|Any CPU
		{D85E39CF-CED1-4762-A4A3-24147025B725}.Release|Any CPU.ActiveCfg = Release|Any CPU
		{D85E39CF-CED1-4762-A4A3-24147025B725}.Release|Any CPU.Build.0 = Release|Any CPU
	EndGlobalSection
	GlobalSection(SolutionProperties) = preSolution
		HideSolutionNode = FALSE
	EndGlobalSection
	GlobalSection(ExtensibilityGlobals) = postSolution
		SolutionGuid = {A00880EE-590B-4EB4-955D-9DDB026856BE}
	EndGlobalSection
EndGlobal
